version = 1
revision = 3
requires-python = ">=3.14"

[[package]]
name = "attrs"
version = "25.4.0"
source = { registry = "https://pypi.org/simple" }
sdist = { url = "https://files.pythonhosted.org/packages/6b/5c/685e6633917e101e5dcb62b9dd76946cbb57c26e133bae9e0cd36033c0a9/attrs-25.4.0.tar.gz", hash = "sha256:16d5969b87f0859ef33a48b35d55ac1be6e42ae49d5e853b597db70c35c57e11", size = 934251, upload-time = "2025-10-06T13:54:44.725Z" }
wheels = [
    { url = "https://files.pythonhosted.org/packages/3a/2a/7cc015f5b9f5db42b7d48157e23356022889fc354a2813c15934b7cb5c0e/attrs-25.4.0-py3-none-any.whl", hash = "sha256:adcf7e2a1fb3b36ac48d97835bb6d8ade15b8dcce26aba8bf1d14847b57a3373", size = 67615, upload-time = "2025-10-06T13:54:43.17Z" },
]

[[package]]
name = "cffi"
version = "2.0.0"
source = { registry = "https://pypi.org/simple" }
dependencies = [
    { name = "pycparser", marker = "implementation_name != 'PyPy'" },
]
sdist = { url = "https://files.pythonhosted.org/packages/eb/56/b1ba7935a17738ae8453301356628e8147c79dbb825bcbc73dc7401f9846/cffi-2.0.0.tar.gz", hash = "sha256:44d1b5909021139fe36001ae048dbdde8214afa20200eda0f64c068cac5d5529", size = 523588, upload-time = "2025-09-08T23:24:04.541Z" }
wheels = [
    { url = "https://files.pythonhosted.org/packages/92/c4/3ce07396253a83250ee98564f8d7e9789fab8e58858f35d07a9a2c78de9f/cffi-2.0.0-cp314-cp314-macosx_10_13_x86_64.whl", hash = "sha256:fc33c5141b55ed366cfaad382df24fe7dcbc686de5be719b207bb248e3053dc5", size = 185320, upload-time = "2025-09-08T23:23:18.087Z" },
    { url = "https://files.pythonhosted.org/packages/59/dd/27e9fa567a23931c838c6b02d0764611c62290062a6d4e8ff7863daf9730/cffi-2.0.0-cp314-cp314-macosx_11_0_arm64.whl", hash = "sha256:c654de545946e0db659b3400168c9ad31b5d29593291482c43e3564effbcee13", size = 181487, upload-time = "2025-09-08T23:23:19.622Z" },
    { url = "https://files.pythonhosted.org/packages/d6/43/0e822876f87ea8a4ef95442c3d766a06a51fc5298823f884ef87aaad168c/cffi-2.0.0-cp314-cp314-manylinux2014_aarch64.manylinux_2_17_aarch64.whl", hash = "sha256:24b6f81f1983e6df8db3adc38562c83f7d4a0c36162885ec7f7b77c7dcbec97b", size = 220049, upload-time = "2025-09-08T23:23:20.853Z" },
    { url = "https://files.pythonhosted.org/packages/b4/89/76799151d9c2d2d1ead63c2429da9ea9d7aac304603de0c6e8764e6e8e70/cffi-2.0.0-cp314-cp314-manylinux2014_ppc64le.manylinux_2_17_ppc64le.whl", hash = "sha256:12873ca6cb9b0f0d3a0da705d6086fe911591737a59f28b7936bdfed27c0d47c", size = 207793, upload-time = "2025-09-08T23:23:22.08Z" },
    { url = "https://files.pythonhosted.org/packages/bb/dd/3465b14bb9e24ee24cb88c9e3730f6de63111fffe513492bf8c808a3547e/cffi-2.0.0-cp314-cp314-manylinux2014_s390x.manylinux_2_17_s390x.whl", hash = "sha256:d9b97165e8aed9272a6bb17c01e3cc5871a594a446ebedc996e2397a1c1ea8ef", size = 206300, upload-time = "2025-09-08T23:23:23.314Z" },
    { url = "https://files.pythonhosted.org/packages/47/d9/d83e293854571c877a92da46fdec39158f8d7e68da75bf73581225d28e90/cffi-2.0.0-cp314-cp314-manylinux2014_x86_64.manylinux_2_17_x86_64.whl", hash = "sha256:afb8db5439b81cf9c9d0c80404b60c3cc9c3add93e114dcae767f1477cb53775", size = 219244, upload-time = "2025-09-08T23:23:24.541Z" },
    { url = "https://files.pythonhosted.org/packages/2b/0f/1f177e3683aead2bb00f7679a16451d302c436b5cbf2505f0ea8146ef59e/cffi-2.0.0-cp314-cp314-musllinux_1_2_aarch64.whl", hash = "sha256:737fe7d37e1a1bffe70bd5754ea763a62a066dc5913ca57e957824b72a85e205", size = 222828, upload-time = "2025-09-08T23:23:26.143Z" },
    { url = "https://files.pythonhosted.org/packages/c6/0f/cafacebd4b040e3119dcb32fed8bdef8dfe94da653155f9d0b9dc660166e/cffi-2.0.0-cp314-cp314-musllinux_1_2_x86_64.whl", hash = "sha256:38100abb9d1b1435bc4cc340bb4489635dc2f0da7456590877030c9b3d40b0c1", size = 220926, upload-time = "2025-09-08T23:23:27.873Z" },
    { url = "https://files.pythonhosted.org/packages/3e/aa/df335faa45b395396fcbc03de2dfcab242cd61a9900e914fe682a59170b1/cffi-2.0.0-cp314-cp314-win32.whl", hash = "sha256:087067fa8953339c723661eda6b54bc98c5625757ea62e95eb4898ad5e776e9f", size = 175328, upload-time = "2025-09-08T23:23:44.61Z" },
    { url = "https://files.pythonhosted.org/packages/bb/92/882c2d30831744296ce713f0feb4c1cd30f346ef747b530b5318715cc367/cffi-2.0.0-cp314-cp314-win_amd64.whl", hash = "sha256:203a48d1fb583fc7d78a4c6655692963b860a417c0528492a6bc21f1aaefab25", size = 185650, upload-time = "2025-09-08T23:23:45.848Z" },
    { url = "https://files.pythonhosted.org/packages/9f/2c/98ece204b9d35a7366b5b2c6539c350313ca13932143e79dc133ba757104/cffi-2.0.0-cp314-cp314-win_arm64.whl", hash = "sha256:dbd5c7a25a7cb98f5ca55d258b103a2054f859a46ae11aaf23134f9cc0d356ad", size = 180687, upload-time = "2025-09-08T23:23:47.105Z" },
    { url = "https://files.pythonhosted.org/packages/3e/61/c768e4d548bfa607abcda77423448df8c471f25dbe64fb2ef6d555eae006/cffi-2.0.0-cp314-cp314t-macosx_10_13_x86_64.whl", hash = "sha256:9a67fc9e8eb39039280526379fb3a70023d77caec1852002b4da7e8b270c4dd9", size = 188773, upload-time = "2025-09-08T23:23:29.347Z" },
    { url = "https://files.pythonhosted.org/packages/2c/ea/5f76bce7cf6fcd0ab1a1058b5af899bfbef198bea4d5686da88471ea0336/cffi-2.0.0-cp314-cp314t-macosx_11_0_arm64.whl", hash = "sha256:7a66c7204d8869299919db4d5069a82f1561581af12b11b3c9f48c584eb8743d", size = 185013, upload-time = "2025-09-08T23:23:30.63Z" },
    { url = "https://files.pythonhosted.org/packages/be/b4/c56878d0d1755cf9caa54ba71e5d049479c52f9e4afc230f06822162ab2f/cffi-2.0.0-cp314-cp314t-manylinux2014_aarch64.manylinux_2_17_aarch64.whl", hash = "sha256:7cc09976e8b56f8cebd752f7113ad07752461f48a58cbba644139015ac24954c", size = 221593, upload-time = "2025-09-08T23:23:31.91Z" },
    { url = "https://files.pythonhosted.org/packages/e0/0d/eb704606dfe8033e7128df5e90fee946bbcb64a04fcdaa97321309004000/cffi-2.0.0-cp314-cp314t-manylinux2014_ppc64le.manylinux_2_17_ppc64le.whl", hash = "sha256:92b68146a71df78564e4ef48af17551a5ddd142e5190cdf2c5624d0c3ff5b2e8", size = 209354, upload-time = "2025-09-08T23:23:33.214Z" },
    { url = "https://files.pythonhosted.org/packages/d8/19/3c435d727b368ca475fb8742ab97c9cb13a0de600ce86f62eab7fa3eea60/cffi-2.0.0-cp314-cp314t-manylinux2014_s390x.manylinux_2_17_s390x.whl", hash = "sha256:b1e74d11748e7e98e2f426ab176d4ed720a64412b6a15054378afdb71e0f37dc", size = 208480, upload-time = "2025-09-08T23:23:34.495Z" },
    { url = "https://files.pythonhosted.org/packages/d0/44/681604464ed9541673e486521497406fadcc15b5217c3e326b061696899a/cffi-2.0.0-cp314-cp314t-manylinux2014_x86_64.manylinux_2_17_x86_64.whl", hash = "sha256:28a3a209b96630bca57cce802da70c266eb08c6e97e5afd61a75611ee6c64592", size = 221584, upload-time = "2025-09-08T23:23:36.096Z" },
    { url = "https://files.pythonhosted.org/packages/25/8e/342a504ff018a2825d395d44d63a767dd8ebc927ebda557fecdaca3ac33a/cffi-2.0.0-cp314-cp314t-musllinux_1_2_aarch64.whl", hash = "sha256:7553fb2090d71822f02c629afe6042c299edf91ba1bf94951165613553984512", size = 224443, upload-time = "2025-09-08T23:23:37.328Z" },
    { url = "https://files.pythonhosted.org/packages/e1/5e/b666bacbbc60fbf415ba9988324a132c9a7a0448a9a8f125074671c0f2c3/cffi-2.0.0-cp314-cp314t-musllinux_1_2_x86_64.whl", hash = "sha256:6c6c373cfc5c83a975506110d17457138c8c63016b563cc9ed6e056a82f13ce4", size = 223437, upload-time = "2025-09-08T23:23:38.945Z" },
    { url = "https://files.pythonhosted.org/packages/a0/1d/ec1a60bd1a10daa292d3cd6bb0b359a81607154fb8165f3ec95fe003b85c/cffi-2.0.0-cp314-cp314t-win32.whl", hash = "sha256:1fc9ea04857caf665289b7a75923f2c6ed559b8298a1b8c49e59f7dd95c8481e", size = 180487, upload-time = "2025-09-08T23:23:40.423Z" },
    { url = "https://files.pythonhosted.org/packages/bf/41/4c1168c74fac325c0c8156f04b6749c8b6a8f405bbf91413ba088359f60d/cffi-2.0.0-cp314-cp314t-win_amd64.whl", hash = "sha256:d68b6cef7827e8641e8ef16f4494edda8b36104d79773a334beaa1e3521430f6", size = 191726, upload-time = "2025-09-08T23:23:41.742Z" },
    { url = "https://files.pythonhosted.org/packages/ae/3a/dbeec9d1ee0844c679f6bb5d6ad4e9f198b1224f4e7a32825f47f6192b0c/cffi-2.0.0-cp314-cp314t-win_arm64.whl", hash = "sha256:0a1527a803f0a659de1af2e1fd700213caba79377e27e4693648c2923da066f9", size = 184195, upload-time = "2025-09-08T23:23:43.004Z" },
]

[[package]]
name = "datetype"
version = "2025.11.30"
source = { registry = "https://pypi.org/simple" }
sdist = { url = "https://files.pythonhosted.org/packages/72/cd/7a7f867807eefe1a74a39e104a379adef2f8d3a986fb84abbf0c887b08f8/datetype-2025.11.30.tar.gz", hash = "sha256:96ca1e81788e2978ec17eef0bb2286ca9dd5c418091a918881c607367f364578", size = 17377, upload-time = "2025-12-01T03:38:02.951Z" }
wheels = [
    { url = "https://files.pythonhosted.org/packages/24/73/5f888710da76659c183cd16488272e747c837cbbd560f5077b78cf29b504/datetype-2025.11.30-py3-none-any.whl", hash = "sha256:b88db471ad3ef19c06e5b7f411d6333b8ff6412a00a55a32d66dbccdea40c143", size = 15701, upload-time = "2025-12-01T03:38:01.772Z" },
]

[[package]]
name = "pycparser"
version = "2.23"
source = { registry = "https://pypi.org/simple" }
sdist = { url = "https://files.pythonhosted.org/packages/fe/cf/d2d3b9f5699fb1e4615c8e32ff220203e43b248e1dfcc6736ad9057731ca/pycparser-2.23.tar.gz", hash = "sha256:78816d4f24add8f10a06d6f05b4d424ad9e96cfebf68a4ddc99c65c0720d00c2", size = 173734, upload-time = "2025-09-09T13:23:47.91Z" }
wheels = [
    { url = "https://files.pythonhosted.org/packages/a0/e3/59cd50310fc9b59512193629e1984c1f95e5c8ae6e5d8c69532ccc65a7fe/pycparser-2.23-py3-none-any.whl", hash = "sha256:e5c6e8d3fbad53479cab09ac03729e0a9faf2bee3db8208a550daf5af81a5934", size = 118140, upload-time = "2025-09-09T13:23:46.651Z" },
]

[[package]]
name = "typing-extensions"
version = "4.15.0"
source = { registry = "https://pypi.org/simple" }
sdist = { url = "https://files.pythonhosted.org/packages/72/94/1a15dd82efb362ac84269196e94cf00f187f7ed21c242792a923cdb1c61f/typing_extensions-4.15.0.tar.gz", hash = "sha256:0cea48d173cc12fa28ecabc3b837ea3cf6f38c6d1136f85cbaaf598984861466", size = 109391, upload-time = "2025-08-25T13:49:26.313Z" }
wheels = [
    { url = "https://files.pythonhosted.org/packages/18/67/36e9267722cc04a6b9f15c7f3441c2363321a3ea07da7ae0c0707beb2a9c/typing_extensions-4.15.0-py3-none-any.whl", hash = "sha256:f0fa19c6845758ab08074a0cfa8b7aecb71c999ca73d62883bc25cc018c4e548", size = 44614, upload-time = "2025-08-25T13:49:24.86Z" },
]

[[package]]
name = "utils"
version = "0.1.0"
source = { virtual = "." }
dependencies = [
    { name = "xattr" },
    { name = "xattrs" },
]

[package.metadata]
requires-dist = [
    { name = "xattr", specifier = ">=1.3.0" },
    { name = "xattrs", specifier = ">=0.0.2" },
]

[[package]]
name = "xattr"
version = "1.3.0"
source = { registry = "https://pypi.org/simple" }
dependencies = [
    { name = "cffi" },
]
sdist = { url = "https://files.pythonhosted.org/packages/08/d5/25f7b19af3a2cb4000cac4f9e5525a40bec79f4f5d0ac9b517c0544586a0/xattr-1.3.0.tar.gz", hash = "sha256:30439fabd7de0787b27e9a6e1d569c5959854cb322f64ce7380fedbfa5035036", size = 17148, upload-time = "2025-10-13T22:16:47.353Z" }
wheels = [
    { url = "https://files.pythonhosted.org/packages/24/49/b8bc589427696d67bc2b0992c188e576f70242c586a379f97698772c0c3d/xattr-1.3.0-cp314-cp314-macosx_10_15_universal2.whl", hash = "sha256:630c85020282bd0bcb72c3d031491c4e91d7f29bb4c094ebdfb9db51375c5b07", size = 23543, upload-time = "2025-10-13T22:16:25.242Z" },
    { url = "https://files.pythonhosted.org/packages/9d/0a/03192e78071cfb86e6d8ceae0e5dcec4bacf0fd734755263aabd01532e50/xattr-1.3.0-cp314-cp314-macosx_10_15_x86_64.whl", hash = "sha256:95f1e14a4d9ca160b4b78c527bf2bac6addbeb0fd9882c405fc0b5e3073a8752", size = 18673, upload-time = "2025-10-13T22:16:26.224Z" },
    { url = "https://files.pythonhosted.org/packages/3d/36/9ab4f0b5c3d10df3aceaecf7e395cabe7fb7c7c004b2dc3f3cff0ef70fc3/xattr-1.3.0-cp314-cp314-macosx_11_0_arm64.whl", hash = "sha256:88557c0769f64b1d014aada916c9630cfefa38b0be6c247eae20740d2d8f7b47", size = 18877, upload-time = "2025-10-13T22:16:27.164Z" },
    { url = "https://files.pythonhosted.org/packages/1c/1c/ab905d19a1349e847e37e02933316d17adfd1dd70b64d366885ab0bd959d/xattr-1.3.0-cp314-cp314-manylinux1_x86_64.manylinux2014_x86_64.manylinux_2_17_x86_64.manylinux_2_5_x86_64.whl", hash = "sha256:c6992eb5da32c0a1375a9eeacfab15c66eebc8bd34be63ebd1eae80cc2f8bf03", size = 38782, upload-time = "2025-10-13T22:16:28.157Z" },
    { url = "https://files.pythonhosted.org/packages/83/a7/f615a6e5d48d47e9febbe5a62b94ffa0d8bfc6d325b899873281abac10c4/xattr-1.3.0-cp314-cp314-manylinux2014_aarch64.manylinux_2_17_aarch64.whl", hash = "sha256:da5954424099ca9d402933eaf6112c29ddde26e6da59b32f0bf5a4e35eec0b28", size = 38936, upload-time = "2025-10-13T22:16:29.291Z" },
    { url = "https://files.pythonhosted.org/packages/9f/6c/a8221567a7cbc00ac305a4842318562f90bb1fdd16636e1379361133f1f4/xattr-1.3.0-cp314-cp314-musllinux_1_2_aarch64.whl", hash = "sha256:726b4d0b66724759132cacdcd84a5b19e00b0cdf704f4c2cf96d0c08dc5eaeb5", size = 38268, upload-time = "2025-10-13T22:16:30.238Z" },
    { url = "https://files.pythonhosted.org/packages/3e/4d/38a98df630e19360d98df8d98ec4a2560612840823f0bf55f81e0e84c866/xattr-1.3.0-cp314-cp314-musllinux_1_2_x86_64.whl", hash = "sha256:928c49ceb0c70fc04732e46fa236d7c8281bfc3db1b40875e5f548bb14d2668c", size = 37825, upload-time = "2025-10-13T22:16:31.557Z" },
    { url = "https://files.pythonhosted.org/packages/97/3f/6d50237645edd83e9dc6bf6521e4e28335845b674cabefd69f12bc4db59a/xattr-1.3.0-cp314-cp314t-macosx_10_15_universal2.whl", hash = "sha256:f3bef26fd2d5d7b17488f4cc4424a69894c5a8ed71dd5f657fbbf69f77f68a51", size = 23788, upload-time = "2025-10-13T22:16:32.465Z" },
    { url = "https://files.pythonhosted.org/packages/f4/8b/3efd48c85e08d1bfcbd46f87368b155d3d3de78bb660b408fbaff7623572/xattr-1.3.0-cp314-cp314t-macosx_10_15_x86_64.whl", hash = "sha256:64f1fb511f8463851e0d97294eb0e0fde54b059150da90582327fb43baa1bb92", size = 18825, upload-time = "2025-10-13T22:16:33.442Z" },
    { url = "https://files.pythonhosted.org/packages/fd/19/4b4e3e2ea5fa213ff4220e84450628fecde042b0961e7b4e6d845e555ade/xattr-1.3.0-cp314-cp314t-macosx_11_0_arm64.whl", hash = "sha256:1e6c216927b16fd4b72df655d5124b69b2a406cb3132b5231179021182f0f0d1", size = 19023, upload-time = "2025-10-13T22:16:34.395Z" },
    { url = "https://files.pythonhosted.org/packages/6f/4a/6460befb22ce8d43abdb22d2bf5aa63b8311507c75dc50ad402681b4b095/xattr-1.3.0-cp314-cp314t-manylinux1_x86_64.manylinux2014_x86_64.manylinux_2_17_x86_64.manylinux_2_5_x86_64.whl", hash = "sha256:c0d9ab346cdd20539afddf2f9e123efee0fe8d54254d9fc580b4e2b4e6d77351", size = 43732, upload-time = "2025-10-13T22:16:35.41Z" },
    { url = "https://files.pythonhosted.org/packages/15/a8/3fa83e9f91dc868d764b2ca3758bf449945c4b1511e137e33a6210609b58/xattr-1.3.0-cp314-cp314t-manylinux2014_aarch64.manylinux_2_17_aarch64.whl", hash = "sha256:2c5e7ba0e893042deef4e8638db7a497680f587ac7bd6d68925f29af633dfa6b", size = 43851, upload-time = "2025-10-13T22:16:36.416Z" },
    { url = "https://files.pythonhosted.org/packages/28/b3/06bf7f691c3f35e94a37e097ae1868fbaa916cc174b1b916fb7aeca441e4/xattr-1.3.0-cp314-cp314t-musllinux_1_2_aarch64.whl", hash = "sha256:1e0dabb39596d8d7b83d6f9f7fa30be68cf15bfb135cb633e2aad9887d308a32", size = 43274, upload-time = "2025-10-13T22:16:37.805Z" },
    { url = "https://files.pythonhosted.org/packages/df/41/d6298c95513eabe091a6851bff5e7928fab49ffd9143808feaaf7721cf33/xattr-1.3.0-cp314-cp314t-musllinux_1_2_x86_64.whl", hash = "sha256:5eeaa944516b7507ec51456751334b4880e421de169bbd067c4f32242670d606", size = 42864, upload-time = "2025-10-13T22:16:38.811Z" },
]

[[package]]
name = "xattrs"
version = "0.0.2"
source = { registry = "https://pypi.org/simple" }
dependencies = [
    { name = "attrs" },
    { name = "datetype" },
    { name = "typing-extensions" },
]
sdist = { url = "https://files.pythonhosted.org/packages/82/d1/85ca97e180c6155d616c0d9e8ae258e5fc8aa9e7d11785f9c4432719c513/xattrs-0.0.2.tar.gz", hash = "sha256:46814678ada06c3827ce542ddf67057487cf63374850ddf4a15e06a6c44a6658", size = 27890, upload-time = "2025-12-09T13:01:10.921Z" }
wheels = [
    { url = "https://files.pythonhosted.org/packages/4b/6a/581722d008ee49a30a444b7220664075ac3d1042994bef131e111961ce6d/xattrs-0.0.2-py3-none-any.whl", hash = "sha256:60b0158de1a41cf5db3383ba6b7e3957127ff1c6727d809007c463e2c2cddda4", size = 30417, upload-time = "2025-12-09T13:01:09.51Z" },
]
